
Microsoft Visual Studio Solution File, Format Version 12.00
# Visual Studio 15
VisualStudioVersion = 15.0.28307.645
MinimumVisualStudioVersion = 10.0.40219.1
Project("{FAE04EC0-301F-11D3-BF4B-00C04F79EFBC}") = "Xamarin-Android-Example.Android", "Xamarin-Android-Example\Xamarin-Android-Example.Android\Xamarin-Android-Example.Android.csproj", "{FAE54468-2DEF-4808-957C-AFD4EFBC01CD}"
EndProject
Project("{FAE04EC0-301F-11D3-BF4B-00C04F79EFBC}") = "Xamarin-Android-Example", "Xamarin-Android-Example\Xamarin-Android-Example\Xamarin-Android-Example.csproj", "{EAEE006D-1683-4C00-9027-FD47DE2B6B13}"
EndProject
Global
	GlobalSection(SolutionConfigurationPlatforms) = preSolution
		Debug|Any CPU = Debug|Any CPU
		Release|Any CPU = Release|Any CPU
	EndGlobalSection
	GlobalSection(ProjectConfigurationPlatforms) = postSolution
		{FAE54468-2DEF-4808-957C-AFD4EFBC01CD}.Debug|Any CPU.ActiveCfg = Debug|Any CPU
		{FAE54468-2DEF-4808-957C-AFD4EFBC01CD}.Debug|Any CPU.Build.0 = Debug|Any CPU
		{FAE54468-2DEF-4808-957C-AFD4EFBC01CD}.Debug|Any CPU.Deploy.0 = Debug|Any CPU
		{FAE54468-2DEF-4808-957C-AFD4EFBC01CD}.Release|Any CPU.ActiveCfg = Release|Any CPU
		{FAE54468-2DEF-4808-957C-AFD4EFBC01CD}.Release|Any CPU.Build.0 = Release|Any CPU
		{FAE54468-2DEF-4808-957C-AFD4EFBC01CD}.Release|Any CPU.Deploy.0 = Release|Any CPU
		{EAEE006D-1683-4C00-9027-FD47DE2B6B13}.Debug|Any CPU.ActiveCfg = Debug|Any CPU
		{EAEE006D-1683-4C00-9027-FD47DE2B6B13}.Debug|Any CPU.Build.0 = Debug|Any CPU
		{EAEE006D-1683-4C00-9027-FD47DE2B6B13}.Release|Any CPU.ActiveCfg = Release|Any CPU
		{EAEE006D-1683-4C00-9027-FD47DE2B6B13}.Release|Any CPU.Build.0 = Release|Any CPU
	EndGlobalSection
	GlobalSection(SolutionProperties) = preSolution
		HideSolutionNode = FALSE
	EndGlobalSection
	GlobalSection(ExtensibilityGlobals) = postSolution
		SolutionGuid = {0E17C370-371E-4172-8666-C78142BBD7DC}
	EndGlobalSection
EndGlobal
